
Microsoft Visual Studio Solution File, Format Version 12.00
# Visual Studio Version 16
VisualStudioVersion = 16.0.30907.101
MinimumVisualStudioVersion = 10.0.40219.1
Project("{FAE04EC0-301F-11D3-BF4B-00C04F79EFBC}") = "ATP2-MVC", "ATP2-MVC\ATP2-MVC.csproj", "{87FD1A79-642C-42A9-B5DF-578B5303B79E}"
EndProject
Global
	GlobalSection(SolutionConfigurationPlatforms) = preSolution
		Debug|Any CPU = Debug|Any CPU
		Release|Any CPU = Release|Any CPU
	EndGlobalSection
	GlobalSection(ProjectConfigurationPlatforms) = postSolution
		{87FD1A79-642C-42A9-B5DF-578B5303B79E}.Debug|Any CPU.ActiveCfg = Debug|Any CPU
		{87FD1A79-642C-42A9-B5DF-578B5303B79E}.Debug|Any CPU.Build.0 = Debug|Any CPU
		{87FD1A79-642C-42A9-B5DF-578B5303B79E}.Release|Any CPU.ActiveCfg = Release|Any CPU
		{87FD1A79-642C-42A9-B5DF-578B5303B79E}.Release|Any CPU.Build.0 = Release|Any CPU
	EndGlobalSection
	GlobalSection(SolutionProperties) = preSolution
		HideSolutionNode = FALSE
	EndGlobalSection
	GlobalSection(ExtensibilityGlobals) = postSolution
		SolutionGuid = {620C512D-E00C-4B15-A6E4-9FA797AA6B78}
	EndGlobalSection
EndGlobal
